// !$*UTF8*$!
{
	archiveVersion = 1;
	classes = {
	};
	objectVersion = 50;
	objects = {

/* Begin PBXBuildFile section */
		C2943A5A2453A4B20071ED55 /* AppDelegate.swift in Sources */ = {isa = PBXBuildFile; fileRef = C2943A592453A4B20071ED55 /* AppDelegate.swift */; };
		C2943A5C2453A4B20071ED55 /* ContentView.swift in Sources */ = {isa = PBXBuildFile; fileRef = C2943A5B2453A4B20071ED55 /* ContentView.swift */; };
		C2943A5E2453A4B30071ED55 /* Assets.xcassets in Resources */ = {isa = PBXBuildFile; fileRef = C2943A5D2453A4B30071ED55 /* Assets.xcassets */; };
		C2943A612453A4B30071ED55 /* Preview Assets.xcassets in Resources */ = {isa = PBXBuildFile; fileRef = C2943A602453A4B30071ED55 /* Preview Assets.xcassets */; };
		C2943A642453A4B30071ED55 /* LaunchScreen.storyboard in Resources */ = {isa = PBXBuildFile; fileRef = C2943A622453A4B30071ED55 /* LaunchScreen.storyboard */; };
		C2943A6F2453A4B30071ED55 /* FiretowerTests.swift in Sources */ = {isa = PBXBuildFile; fileRef = C2943A6E2453A4B30071ED55 /* FiretowerTests.swift */; };
		C2943A7A2453A4B30071ED55 /* FiretowerUITests.swift in Sources */ = {isa = PBXBuildFile; fileRef = C2943A792453A4B30071ED55 /* FiretowerUITests.swift */; };
/* End PBXBuildFile section */

/* Begin PBXContainerItemProxy section */
		C2943A6B2453A4B30071ED55 /* PBXContainerItemProxy */ = {
			isa = PBXContainerItemProxy;
			containerPortal = C2943A4E2453A4B20071ED55 /* Project object */;
			proxyType = 1;
			remoteGlobalIDString = C2943A552453A4B20071ED55;
			remoteInfo = Firetower;
		};
		C2943A762453A4B30071ED55 /* PBXContainerItemProxy */ = {
			isa = PBXContainerItemProxy;
			containerPortal = C2943A4E2453A4B20071ED55 /* Project object */;
			proxyType = 1;
			remoteGlobalIDString = C2943A552453A4B20071ED55;
			remoteInfo = Firetower;
		};
/* End PBXContainerItemProxy section */

/* Begin PBXFileReference section */
		C2943A562453A4B20071ED55 /* Firetower.app */ = {isa = PBXFileReference; explicitFileType = wrapper.application; includeInIndex = 0; path = Firetower.app; sourceTree = BUILT_PRODUCTS_DIR; };
		C2943A592453A4B20071ED55 /* AppDelegate.swift */ = {isa = PBXFileReference; lastKnownFileType = sourcecode.swift; path = AppDelegate.swift; sourceTree = "<group>"; };
		C2943A5B2453A4B20071ED55 /* ContentView.swift */ = {isa = PBXFileReference; lastKnownFileType = sourcecode.swift; path = ContentView.swift; sourceTree = "<group>"; };
		C2943A5D2453A4B30071ED55 /* Assets.xcassets */ = {isa = PBXFileReference; lastKnownFileType = folder.assetcatalog; path = Assets.xcassets; sourceTree = "<group>"; };
		C2943A602453A4B30071ED55 /* Preview Assets.xcassets */ = {isa = PBXFileReference; lastKnownFileType = folder.assetcatalog; path = "Preview Assets.xcassets"; sourceTree = "<group>"; };
		C2943A632453A4B30071ED55 /* Base */ = {isa = PBXFileReference; lastKnownFileType = file.storyboard; name = Base; path = Base.lproj/LaunchScreen.storyboard; sourceTree = "<group>"; };
		C2943A652453A4B30071ED55 /* Info.plist */ = {isa = PBXFileReference; lastKnownFileType = text.plist.xml; path = Info.plist; sourceTree = "<group>"; };
		C2943A6A2453A4B30071ED55 /* FiretowerTests.xctest */ = {isa = PBXFileReference; explicitFileType = wrapper.cfbundle; includeInIndex = 0; path = FiretowerTests.xctest; sourceTree = BUILT_PRODUCTS_DIR; };
		C2943A6E2453A4B30071ED55 /* FiretowerTests.swift */ = {isa = PBXFileReference; lastKnownFileType = sourcecode.swift; path = FiretowerTests.swift; sourceTree = "<group>"; };
		C2943A702453A4B30071ED55 /* Info.plist */ = {isa = PBXFileReference; lastKnownFileType = text.plist.xml; path = Info.plist; sourceTree = "<group>"; };
		C2943A752453A4B30071ED55 /* FiretowerUITests.xctest */ = {isa = PBXFileReference; explicitFileType = wrapper.cfbundle; includeInIndex = 0; path = FiretowerUITests.xctest; sourceTree = BUILT_PRODUCTS_DIR; };
		C2943A792453A4B30071ED55 /* FiretowerUITests.swift */ = {isa = PBXFileReference; lastKnownFileType = sourcecode.swift; path = FiretowerUITests.swift; sourceTree = "<group>"; };
		C2943A7B2453A4B30071ED55 /* Info.plist */ = {isa = PBXFileReference; lastKnownFileType = text.plist.xml; path = Info.plist; sourceTree = "<group>"; };
/* End PBXFileReference section */

/* Begin PBXFrameworksBuildPhase section */
		C2943A532453A4B20071ED55 /* Frameworks */ = {
			isa = PBXFrameworksBuildPhase;
			buildActionMask = 2147483647;
			files = (
			);
			runOnlyForDeploymentPostprocessing = 0;
		};
		C2943A672453A4B30071ED55 /* Frameworks */ = {
			isa = PBXFrameworksBuildPhase;
			buildActionMask = 2147483647;
			files = (
			);
			runOnlyForDeploymentPostprocessing = 0;
		};
		C2943A722453A4B30071ED55 /* Frameworks */ = {
			isa = PBXFrameworksBuildPhase;
			buildActionMask = 2147483647;
			files = (
			);
			runOnlyForDeploymentPostprocessing = 0;
		};
/* End PBXFrameworksBuildPhase section */

/* Begin PBXGroup section */
		C2943A4D2453A4B20071ED55 = {
			isa = PBXGroup;
			children = (
				C2943A582453A4B20071ED55 /* Firetower */,
				C2943A6D2453A4B30071ED55 /* FiretowerTests */,
				C2943A782453A4B30071ED55 /* FiretowerUITests */,
				C2943A572453A4B20071ED55 /* Products */,
			);
			sourceTree = "<group>";
		};
		C2943A572453A4B20071ED55 /* Products */ = {
			isa = PBXGroup;
			children = (
				C2943A562453A4B20071ED55 /* Firetower.app */,
				C2943A6A2453A4B30071ED55 /* FiretowerTests.xctest */,
				C2943A752453A4B30071ED55 /* FiretowerUITests.xctest */,
			);
			name = Products;
			sourceTree = "<group>";
		};
		C2943A582453A4B20071ED55 /* Firetower */ = {
			isa = PBXGroup;
			children = (
				C2943A592453A4B20071ED55 /* AppDelegate.swift */,
				C2943A5B2453A4B20071ED55 /* ContentView.swift */,
				C2943A5D2453A4B30071ED55 /* Assets.xcassets */,
				C2943A622453A4B30071ED55 /* LaunchScreen.storyboard */,
				C2943A652453A4B30071ED55 /* Info.plist */,
				C2943A5F2453A4B30071ED55 /* Preview Content */,
			);
			path = Firetower;
			sourceTree = "<group>";
		};
		C2943A5F2453A4B30071ED55 /* Preview Content */ = {
			isa = PBXGroup;
			children = (
				C2943A602453A4B30071ED55 /* Preview Assets.xcassets */,
			);
			path = "Preview Content";
			sourceTree = "<group>";
		};
		C2943A6D2453A4B30071ED55 /* FiretowerTests */ = {
			isa = PBXGroup;
			children = (
				C2943A6E2453A4B30071ED55 /* FiretowerTests.swift */,
				C2943A702453A4B30071ED55 /* Info.plist */,
			);
			path = FiretowerTests;
			sourceTree = "<group>";
		};
		C2943A782453A4B30071ED55 /* FiretowerUITests */ = {
			isa = PBXGroup;
			children = (
				C2943A792453A4B30071ED55 /* FiretowerUITests.swift */,
				C2943A7B2453A4B30071ED55 /* Info.plist */,
			);
			path = FiretowerUITests;
			sourceTree = "<group>";
		};
/* End PBXGroup section */

/* Begin PBXNativeTarget section */
		C2943A552453A4B20071ED55 /* Firetower */ = {
			isa = PBXNativeTarget;
			buildConfigurationList = C2943A7E2453A4B30071ED55 /* Build configuration list for PBXNativeTarget "Firetower" */;
			buildPhases = (
				C2943A522453A4B20071ED55 /* Sources */,
				C2943A532453A4B20071ED55 /* Frameworks */,
				C2943A542453A4B20071ED55 /* Resources */,
			);
			buildRules = (
			);
			dependencies = (
			);
			name = Firetower;
			productName = Firetower;
			productReference = C2943A562453A4B20071ED55 /* Firetower.app */;
			productType = "com.apple.product-type.application";
		};
		C2943A692453A4B30071ED55 /* FiretowerTests */ = {
			isa = PBXNativeTarget;
			buildConfigurationList = C2943A812453A4B30071ED55 /* Build configuration list for PBXNativeTarget "FiretowerTests" */;
			buildPhases = (
				C2943A662453A4B30071ED55 /* Sources */,
				C2943A672453A4B30071ED55 /* Frameworks */,
				C2943A682453A4B30071ED55 /* Resources */,
			);
			buildRules = (
			);
			dependencies = (
				C2943A6C2453A4B30071ED55 /* PBXTargetDependency */,
			);
			name = FiretowerTests;
			productName = FiretowerTests;
			productReference = C2943A6A2453A4B30071ED55 /* FiretowerTests.xctest */;
			productType = "com.apple.product-type.bundle.unit-test";
		};
		C2943A742453A4B30071ED55 /* FiretowerUITests */ = {
			isa = PBXNativeTarget;
			buildConfigurationList = C2943A842453A4B30071ED55 /* Build configuration list for PBXNativeTarget "FiretowerUITests" */;
			buildPhases = (
				C2943A712453A4B30071ED55 /* Sources */,
				C2943A722453A4B30071ED55 /* Frameworks */,
				C2943A732453A4B30071ED55 /* Resources */,
			);
			buildRules = (
			);
			dependencies = (
				C2943A772453A4B30071ED55 /* PBXTargetDependency */,
			);
			name = FiretowerUITests;
			productName = FiretowerUITests;
			productReference = C2943A752453A4B30071ED55 /* FiretowerUITests.xctest */;
			productType = "com.apple.product-type.bundle.ui-testing";
		};
/* End PBXNativeTarget section */

/* Begin PBXProject section */
		C2943A4E2453A4B20071ED55 /* Project object */ = {
			isa = PBXProject;
			attributes = {
				LastSwiftUpdateCheck = 1140;
				LastUpgradeCheck = 1140;
				ORGANIZATIONNAME = "Joel Shaw";
				TargetAttributes = {
					C2943A552453A4B20071ED55 = {
						CreatedOnToolsVersion = 11.4.1;
					};
					C2943A692453A4B30071ED55 = {
						CreatedOnToolsVersion = 11.4.1;
						TestTargetID = C2943A552453A4B20071ED55;
					};
					C2943A742453A4B30071ED55 = {
						CreatedOnToolsVersion = 11.4.1;
						TestTargetID = C2943A552453A4B20071ED55;
					};
				};
			};
			buildConfigurationList = C2943A512453A4B20071ED55 /* Build configuration list for PBXProject "Firetower" */;
			compatibilityVersion = "Xcode 9.3";
			developmentRegion = en;
			hasScannedForEncodings = 0;
			knownRegions = (
				en,
				Base,
			);
			mainGroup = C2943A4D2453A4B20071ED55;
			productRefGroup = C2943A572453A4B20071ED55 /* Products */;
			projectDirPath = "";
			projectRoot = "";
			targets = (
				C2943A552453A4B20071ED55 /* Firetower */,
				C2943A692453A4B30071ED55 /* FiretowerTests */,
				C2943A742453A4B30071ED55 /* FiretowerUITests */,
			);
		};
/* End PBXProject section */

/* Begin PBXResourcesBuildPhase section */
		C2943A542453A4B20071ED55 /* Resources */ = {
			isa = PBXResourcesBuildPhase;
			buildActionMask = 2147483647;
			files = (
				C2943A642453A4B30071ED55 /* LaunchScreen.storyboard in Resources */,
				C2943A612453A4B30071ED55 /* Preview Assets.xcassets in Resources */,
				C2943A5E2453A4B30071ED55 /* Assets.xcassets in Resources */,
			);
			runOnlyForDeploymentPostprocessing = 0;
		};
		C2943A682453A4B30071ED55 /* Resources */ = {
			isa = PBXResourcesBuildPhase;
			buildActionMask = 2147483647;
			files = (
			);
			runOnlyForDeploymentPostprocessing = 0;
		};
		C2943A732453A4B30071ED55 /* Resources */ = {
			isa = PBXResourcesBuildPhase;
			buildActionMask = 2147483647;
			files = (
			);
			runOnlyForDeploymentPostprocessing = 0;
		};
/* End PBXResourcesBuildPhase section */

/* Begin PBXSourcesBuildPhase section */
		C2943A522453A4B20071ED55 /* Sources */ = {
			isa = PBXSourcesBuildPhase;
			buildActionMask = 2147483647;
			files = (
				C2943A5C2453A4B20071ED55 /* ContentView.swift in Sources */,
				C2943A5A2453A4B20071ED55 /* AppDelegate.swift in Sources */,
			);
			runOnlyForDeploymentPostprocessing = 0;
		};
		C2943A662453A4B30071ED55 /* Sources */ = {
			isa = PBXSourcesBuildPhase;
			buildActionMask = 2147483647;
			files = (
				C2943A6F2453A4B30071ED55 /* FiretowerTests.swift in Sources */,
			);
			runOnlyForDeploymentPostprocessing = 0;
		};
		C2943A712453A4B30071ED55 /* Sources */ = {
			isa = PBXSourcesBuildPhase;
			buildActionMask = 2147483647;
			files = (
				C2943A7A2453A4B30071ED55 /* FiretowerUITests.swift in Sources */,
			);
			runOnlyForDeploymentPostprocessing = 0;
		};
/* End PBXSourcesBuildPhase section */

/* Begin PBXTargetDependency section */
		C2943A6C2453A4B30071ED55 /* PBXTargetDependency */ = {
			isa = PBXTargetDependency;
			target = C2943A552453A4B20071ED55 /* Firetower */;
			targetProxy = C2943A6B2453A4B30071ED55 /* PBXContainerItemProxy */;
		};
		C2943A772453A4B30071ED55 /* PBXTargetDependency */ = {
			isa = PBXTargetDependency;
			target = C2943A552453A4B20071ED55 /* Firetower */;
			targetProxy = C2943A762453A4B30071ED55 /* PBXContainerItemProxy */;
		};
/* End PBXTargetDependency section */

/* Begin PBXVariantGroup section */
		C2943A622453A4B30071ED55 /* LaunchScreen.storyboard */ = {
			isa = PBXVariantGroup;
			children = (
				C2943A632453A4B30071ED55 /* Base */,
			);
			name = LaunchScreen.storyboard;
			sourceTree = "<group>";
		};
/* End PBXVariantGroup section */

/* Begin XCBuildConfiguration section */
		C2943A7C2453A4B30071ED55 /* Debug */ = {
			isa = XCBuildConfiguration;
			buildSettings = {
				ALWAYS_SEARCH_USER_PATHS = NO;
				CLANG_ANALYZER_NONNULL = YES;
				CLANG_ANALYZER_NUMBER_OBJECT_CONVERSION = YES_AGGRESSIVE;
				CLANG_CXX_LANGUAGE_STANDARD = "gnu++14";
				CLANG_CXX_LIBRARY = "libc++";
				CLANG_ENABLE_MODULES = YES;
				CLANG_ENABLE_OBJC_ARC = YES;
				CLANG_ENABLE_OBJC_WEAK = YES;
				CLANG_WARN_BLOCK_CAPTURE_AUTORELEASING = YES;
				CLANG_WARN_BOOL_CONVERSION = YES;
				CLANG_WARN_COMMA = YES;
				CLANG_WARN_CONSTANT_CONVERSION = YES;
				CLANG_WARN_DEPRECATED_OBJC_IMPLEMENTATIONS = YES;
				CLANG_WARN_DIRECT_OBJC_ISA_USAGE = YES_ERROR;
				CLANG_WARN_DOCUMENTATION_COMMENTS = YES;
				CLANG_WARN_EMPTY_BODY = YES;
				CLANG_WARN_ENUM_CONVERSION = YES;
				CLANG_WARN_INFINITE_RECURSION = YES;
				CLANG_WARN_INT_CONVERSION = YES;
				CLANG_WARN_NON_LITERAL_NULL_CONVERSION = YES;
				CLANG_WARN_OBJC_IMPLICIT_RETAIN_SELF = YES;
				CLANG_WARN_OBJC_LITERAL_CONVERSION = YES;
				CLANG_WARN_OBJC_ROOT_CLASS = YES_ERROR;
				CLANG_WARN_RANGE_LOOP_ANALYSIS = YES;
				CLANG_WARN_STRICT_PROTOTYPES = YES;
				CLANG_WARN_SUSPICIOUS_MOVE = YES;
				CLANG_WARN_UNGUARDED_AVAILABILITY = YES_AGGRESSIVE;
				CLANG_WARN_UNREACHABLE_CODE = YES;
				CLANG_WARN__DUPLICATE_METHOD_MATCH = YES;
				COPY_PHASE_STRIP = NO;
				DEBUG_INFORMATION_FORMAT = dwarf;
				ENABLE_STRICT_OBJC_MSGSEND = YES;
				ENABLE_TESTABILITY = YES;
				GCC_C_LANGUAGE_STANDARD = gnu11;
				GCC_DYNAMIC_NO_PIC = NO;
				GCC_NO_COMMON_BLOCKS = YES;
				GCC_OPTIMIZATION_LEVEL = 0;
				GCC_PREPROCESSOR_DEFINITIONS = (
					"DEBUG=1",
					"$(inherited)",
				);
				GCC_WARN_64_TO_32_BIT_CONVERSION = YES;
				GCC_WARN_ABOUT_RETURN_TYPE = YES_ERROR;
				GCC_WARN_UNDECLARED_SELECTOR = YES;
				GCC_WARN_UNINITIALIZED_AUTOS = YES_AGGRESSIVE;
				GCC_WARN_UNUSED_FUNCTION = YES;
				GCC_WARN_UNUSED_VARIABLE = YES;
				MTL_ENABLE_DEBUG_INFO = INCLUDE_SOURCE;
				MTL_FAST_MATH = YES;
				ONLY_ACTIVE_ARCH = YES;
				SDKROOT = appletvos;
				SWIFT_ACTIVE_COMPILATION_CONDITIONS = DEBUG;
				SWIFT_OPTIMIZATION_LEVEL = "-Onone";
				TVOS_DEPLOYMENT_TARGET = 13.4;
			};
			name = Debug;
		};
		C2943A7D2453A4B30071ED55 /* Release */ = {
			isa = XCBuildConfiguration;
			buildSettings = {
				ALWAYS_SEARCH_USER_PATHS = NO;
				CLANG_ANALYZER_NONNULL = YES;
				CLANG_ANALYZER_NUMBER_OBJECT_CONVERSION = YES_AGGRESSIVE;
				CLANG_CXX_LANGUAGE_STANDARD = "gnu++14";
				CLANG_CXX_LIBRARY = "libc++";
				CLANG_ENABLE_MODULES = YES;
				CLANG_ENABLE_OBJC_ARC = YES;
				CLANG_ENABLE_OBJC_WEAK = YES;
				CLANG_WARN_BLOCK_CAPTURE_AUTORELEASING = YES;
				CLANG_WARN_BOOL_CONVERSION = YES;
				CLANG_WARN_COMMA = YES;
				CLANG_WARN_CONSTANT_CONVERSION = YES;
				CLANG_WARN_DEPRECATED_OBJC_IMPLEMENTATIONS = YES;
				CLANG_WARN_DIRECT_OBJC_ISA_USAGE = YES_ERROR;
				CLANG_WARN_DOCUMENTATION_COMMENTS = YES;
				CLANG_WARN_EMPTY_BODY = YES;
				CLANG_WARN_ENUM_CONVERSION = YES;
				CLANG_WARN_INFINITE_RECURSION = YES;
				CLANG_WARN_INT_CONVERSION = YES;
				CLANG_WARN_NON_LITERAL_NULL_CONVERSION = YES;
				CLANG_WARN_OBJC_IMPLICIT_RETAIN_SELF = YES;
				CLANG_WARN_OBJC_LITERAL_CONVERSION = YES;
				CLANG_WARN_OBJC_ROOT_CLASS = YES_ERROR;
				CLANG_WARN_RANGE_LOOP_ANALYSIS = YES;
				CLANG_WARN_STRICT_PROTOTYPES = YES;
				CLANG_WARN_SUSPICIOUS_MOVE = YES;
				CLANG_WARN_UNGUARDED_AVAILABILITY = YES_AGGRESSIVE;
				CLANG_WARN_UNREACHABLE_CODE = YES;
				CLANG_WARN__DUPLICATE_METHOD_MATCH = YES;
				COPY_PHASE_STRIP = NO;
				DEBUG_INFORMATION_FORMAT = "dwarf-with-dsym";
				ENABLE_NS_ASSERTIONS = NO;
				ENABLE_STRICT_OBJC_MSGSEND = YES;
				GCC_C_LANGUAGE_STANDARD = gnu11;
				GCC_NO_COMMON_BLOCKS = YES;
				GCC_WARN_64_TO_32_BIT_CONVERSION = YES;
				GCC_WARN_ABOUT_RETURN_TYPE = YES_ERROR;
				GCC_WARN_UNDECLARED_SELECTOR = YES;
				GCC_WARN_UNINITIALIZED_AUTOS = YES_AGGRESSIVE;
				GCC_WARN_UNUSED_FUNCTION = YES;
				GCC_WARN_UNUSED_VARIABLE = YES;
				MTL_ENABLE_DEBUG_INFO = NO;
				MTL_FAST_MATH = YES;
				SDKROOT = appletvos;
				SWIFT_COMPILATION_MODE = wholemodule;
				SWIFT_OPTIMIZATION_LEVEL = "-O";
				TVOS_DEPLOYMENT_TARGET = 13.4;
				VALIDATE_PRODUCT = YES;
			};
			name = Release;
		};
		C2943A7F2453A4B30071ED55 /* Debug */ = {
			isa = XCBuildConfiguration;
			buildSettings = {
				ASSETCATALOG_COMPILER_APPICON_NAME = "App Icon & Top Shelf Image";
				CODE_SIGN_STYLE = Automatic;
				DEVELOPMENT_ASSET_PATHS = "\"Firetower/Preview Content\"";
				ENABLE_PREVIEWS = YES;
				INFOPLIST_FILE = Firetower/Info.plist;
				LD_RUNPATH_SEARCH_PATHS = (
					"$(inherited)",
					"@executable_path/Frameworks",
				);
				PRODUCT_BUNDLE_IDENTIFIER = com.joelshaw.Firetower;
				PRODUCT_NAME = "$(TARGET_NAME)";
				SWIFT_VERSION = 5.0;
				TARGETED_DEVICE_FAMILY = 3;
			};
			name = Debug;
		};
		C2943A802453A4B30071ED55 /* Release */ = {
			isa = XCBuildConfiguration;
			buildSettings = {
				ASSETCATALOG_COMPILER_APPICON_NAME = "App Icon & Top Shelf Image";
				CODE_SIGN_STYLE = Automatic;
				DEVELOPMENT_ASSET_PATHS = "\"Firetower/Preview Content\"";
				ENABLE_PREVIEWS = YES;
				INFOPLIST_FILE = Firetower/Info.plist;
				LD_RUNPATH_SEARCH_PATHS = (
					"$(inherited)",
					"@executable_path/Frameworks",
				);
				PRODUCT_BUNDLE_IDENTIFIER = com.joelshaw.Firetower;
				PRODUCT_NAME = "$(TARGET_NAME)";
				SWIFT_VERSION = 5.0;
				TARGETED_DEVICE_FAMILY = 3;
			};
			name = Release;
		};
		C2943A822453A4B30071ED55 /* Debug */ = {
			isa = XCBuildConfiguration;
			buildSettings = {
				ALWAYS_EMBED_SWIFT_STANDARD_LIBRARIES = YES;
				BUNDLE_LOADER = "$(TEST_HOST)";
				CODE_SIGN_STYLE = Automatic;
				INFOPLIST_FILE = FiretowerTests/Info.plist;
				LD_RUNPATH_SEARCH_PATHS = (
					"$(inherited)",
					"@executable_path/Frameworks",
					"@loader_path/Frameworks",
				);
				PRODUCT_BUNDLE_IDENTIFIER = com.joelshaw.FiretowerTests;
				PRODUCT_NAME = "$(TARGET_NAME)";
				SWIFT_VERSION = 5.0;
				TARGETED_DEVICE_FAMILY = 3;
				TEST_HOST = "$(BUILT_PRODUCTS_DIR)/Firetower.app/Firetower";
				TVOS_DEPLOYMENT_TARGET = 13.4;
			};
			name = Debug;
		};
		C2943A832453A4B30071ED55 /* Release */ = {
			isa = XCBuildConfiguration;
			buildSettings = {
				ALWAYS_EMBED_SWIFT_STANDARD_LIBRARIES = YES;
				BUNDLE_LOADER = "$(TEST_HOST)";
				CODE_SIGN_STYLE = Automatic;
				INFOPLIST_FILE = FiretowerTests/Info.plist;
				LD_RUNPATH_SEARCH_PATHS = (
					"$(inherited)",
					"@executable_path/Frameworks",
					"@loader_path/Frameworks",
				);
				PRODUCT_BUNDLE_IDENTIFIER = com.joelshaw.FiretowerTests;
				PRODUCT_NAME = "$(TARGET_NAME)";
				SWIFT_VERSION = 5.0;
				TARGETED_DEVICE_FAMILY = 3;
				TEST_HOST = "$(BUILT_PRODUCTS_DIR)/Firetower.app/Firetower";
				TVOS_DEPLOYMENT_TARGET = 13.4;
			};
			name = Release;
		};
		C2943A852453A4B30071ED55 /* Debug */ = {
			isa = XCBuildConfiguration;
			buildSettings = {
				ALWAYS_EMBED_SWIFT_STANDARD_LIBRARIES = YES;
				CODE_SIGN_STYLE = Automatic;
				INFOPLIST_FILE = FiretowerUITests/Info.plist;
				LD_RUNPATH_SEARCH_PATHS = (
					"$(inherited)",
					"@executable_path/Frameworks",
					"@loader_path/Frameworks",
				);
				PRODUCT_BUNDLE_IDENTIFIER = com.joelshaw.FiretowerUITests;
				PRODUCT_NAME = "$(TARGET_NAME)";
				SWIFT_VERSION = 5.0;
				TARGETED_DEVICE_FAMILY = 3;
				TEST_TARGET_NAME = Firetower;
			};
			name = Debug;
		};
		C2943A862453A4B30071ED55 /* Release */ = {
			isa = XCBuildConfiguration;
			buildSettings = {
				ALWAYS_EMBED_SWIFT_STANDARD_LIBRARIES = YES;
				CODE_SIGN_STYLE = Automatic;
				INFOPLIST_FILE = FiretowerUITests/Info.plist;
				LD_RUNPATH_SEARCH_PATHS = (
					"$(inherited)",
					"@executable_path/Frameworks",
					"@loader_path/Frameworks",
				);
				PRODUCT_BUNDLE_IDENTIFIER = com.joelshaw.FiretowerUITests;
				PRODUCT_NAME = "$(TARGET_NAME)";
				SWIFT_VERSION = 5.0;
				TARGETED_DEVICE_FAMILY = 3;
				TEST_TARGET_NAME = Firetower;
			};
			name = Release;
		};
/* End XCBuildConfiguration section */

/* Begin XCConfigurationList section */
		C2943A512453A4B20071ED55 /* Build configuration list for PBXProject "Firetower" */ = {
			isa = XCConfigurationList;
			buildConfigurations = (
				C2943A7C2453A4B30071ED55 /* Debug */,
				C2943A7D2453A4B30071ED55 /* Release */,
			);
			defaultConfigurationIsVisible = 0;
			defaultConfigurationName = Release;
		};
		C2943A7E2453A4B30071ED55 /* Build configuration list for PBXNativeTarget "Firetower" */ = {
			isa = XCConfigurationList;
			buildConfigurations = (
				C2943A7F2453A4B30071ED55 /* Debug */,
				C2943A802453A4B30071ED55 /* Release */,
			);
			defaultConfigurationIsVisible = 0;
			defaultConfigurationName = Release;
		};
		C2943A812453A4B30071ED55 /* Build configuration list for PBXNativeTarget "FiretowerTests" */ = {
			isa = XCConfigurationList;
			buildConfigurations = (
				C2943A822453A4B30071ED55 /* Debug */,
				C2943A832453A4B30071ED55 /* Release */,
			);
			defaultConfigurationIsVisible = 0;
			defaultConfigurationName = Release;
		};
		C2943A842453A4B30071ED55 /* Build configuration list for PBXNativeTarget "FiretowerUITests" */ = {
			isa = XCConfigurationList;
			buildConfigurations = (
				C2943A852453A4B30071ED55 /* Debug */,
				C2943A862453A4B30071ED55 /* Release */,
			);
			defaultConfigurationIsVisible = 0;
			defaultConfigurationName = Release;
		};
/* End XCConfigurationList section */
	};
	rootObject = C2943A4E2453A4B20071ED55 /* Project object */;
}
